
Microsoft Visual Studio Solution File, Format Version 12.00
# Visual Studio 15
VisualStudioVersion = 15.0.28307.489
MinimumVisualStudioVersion = 10.0.40219.1
Project("{8BC9CEB8-8B4A-11D0-8D11-00A0C91BC942}") = "01无名管道pipe", "01无名管道pipe\01无名管道pipe.vcxproj", "{6C618105-1A51-43F6-939B-0AB7264090BD}"
EndProject
Global
	GlobalSection(SolutionConfigurationPlatforms) = preSolution
		Debug|ARM = Debug|ARM
		Debug|ARM64 = Debug|ARM64
		Debug|x64 = Debug|x64
		Debug|x86 = Debug|x86
		Release|ARM = Release|ARM
		Release|ARM64 = Release|ARM64
		Release|x64 = Release|x64
		Release|x86 = Release|x86
	EndGlobalSection
	GlobalSection(ProjectConfigurationPlatforms) = postSolution
		{6C618105-1A51-43F6-939B-0AB7264090BD}.Debug|ARM.ActiveCfg = Debug|ARM
		{6C618105-1A51-43F6-939B-0AB7264090BD}.Debug|ARM.Build.0 = Debug|ARM
		{6C618105-1A51-43F6-939B-0AB7264090BD}.Debug|ARM64.ActiveCfg = Debug|ARM64
		{6C618105-1A51-43F6-939B-0AB7264090BD}.Debug|ARM64.Build.0 = Debug|ARM64
		{6C618105-1A51-43F6-939B-0AB7264090BD}.Debug|x64.ActiveCfg = Debug|x64
		{6C618105-1A51-43F6-939B-0AB7264090BD}.Debug|x64.Build.0 = Debug|x64
		{6C618105-1A51-43F6-939B-0AB7264090BD}.Debug|x86.ActiveCfg = Debug|x86
		{6C618105-1A51-43F6-939B-0AB7264090BD}.Debug|x86.Build.0 = Debug|x86
		{6C618105-1A51-43F6-939B-0AB7264090BD}.Release|ARM.ActiveCfg = Release|ARM
		{6C618105-1A51-43F6-939B-0AB7264090BD}.Release|ARM.Build.0 = Release|ARM
		{6C618105-1A51-43F6-939B-0AB7264090BD}.Release|ARM64.ActiveCfg = Release|ARM64
		{6C618105-1A51-43F6-939B-0AB7264090BD}.Release|ARM64.Build.0 = Release|ARM64
		{6C618105-1A51-43F6-939B-0AB7264090BD}.Release|x64.ActiveCfg = Release|x64
		{6C618105-1A51-43F6-939B-0AB7264090BD}.Release|x64.Build.0 = Release|x64
		{6C618105-1A51-43F6-939B-0AB7264090BD}.Release|x86.ActiveCfg = Release|x86
		{6C618105-1A51-43F6-939B-0AB7264090BD}.Release|x86.Build.0 = Release|x86
	EndGlobalSection
	GlobalSection(SolutionProperties) = preSolution
		HideSolutionNode = FALSE
	EndGlobalSection
	GlobalSection(ExtensibilityGlobals) = postSolution
		SolutionGuid = {61F25AA5-AB4F-48C5-8CA0-4A618529CECC}
	EndGlobalSection
EndGlobal
