
Microsoft Visual Studio Solution File, Format Version 12.00
# Visual Studio 15
VisualStudioVersion = 15.0.28307.489
MinimumVisualStudioVersion = 10.0.40219.1
Project("{8BC9CEB8-8B4A-11D0-8D11-00A0C91BC942}") = "01互斥锁", "01互斥锁\01互斥锁.vcxproj", "{A170BBA7-208A-4417-AF4B-64E7FF12964A}"
EndProject
Project("{8BC9CEB8-8B4A-11D0-8D11-00A0C91BC942}") = "02读写锁", "02读写锁\02读写锁.vcxproj", "{8CAEBF5C-2101-40E3-A94C-3DB69187E28A}"
EndProject
Project("{8BC9CEB8-8B4A-11D0-8D11-00A0C91BC942}") = "03条件变量", "03条件变量\03条件变量.vcxproj", "{D2DC385D-4B78-489A-8324-41C9AA6DBF0A}"
EndProject
Project("{8BC9CEB8-8B4A-11D0-8D11-00A0C91BC942}") = "04.1信号量-实现互斥", "04.1信号量-实现互斥\04.1信号量-实现互斥.vcxproj", "{79B94A2F-63BF-42CD-A953-C5D1429CB0FE}"
EndProject
Project("{8BC9CEB8-8B4A-11D0-8D11-00A0C91BC942}") = "04.2信号量-实现同步", "04.2信号量-实现同步\04.2信号量-实现同步.vcxproj", "{E4AB2911-EEEF-499B-ABD5-E5F4FC87DF5D}"
EndProject
Project("{8BC9CEB8-8B4A-11D0-8D11-00A0C91BC942}") = "05信号量实现生产者消费者", "05信号量实现生产者消费者\05信号量实现生产者消费者.vcxproj", "{86C599A3-A56E-41C5-8839-9E24AFB6093A}"
EndProject
Project("{8BC9CEB8-8B4A-11D0-8D11-00A0C91BC942}") = "06哲学家问题", "06哲学家问题\06哲学家问题.vcxproj", "{44D9EED9-3F54-49B7-B28F-C86D7A1B8A97}"
EndProject
Global
	GlobalSection(SolutionConfigurationPlatforms) = preSolution
		Debug|ARM = Debug|ARM
		Debug|ARM64 = Debug|ARM64
		Debug|x64 = Debug|x64
		Debug|x86 = Debug|x86
		Release|ARM = Release|ARM
		Release|ARM64 = Release|ARM64
		Release|x64 = Release|x64
		Release|x86 = Release|x86
	EndGlobalSection
	GlobalSection(ProjectConfigurationPlatforms) = postSolution
		{A170BBA7-208A-4417-AF4B-64E7FF12964A}.Debug|ARM.ActiveCfg = Debug|ARM
		{A170BBA7-208A-4417-AF4B-64E7FF12964A}.Debug|ARM.Build.0 = Debug|ARM
		{A170BBA7-208A-4417-AF4B-64E7FF12964A}.Debug|ARM64.ActiveCfg = Debug|ARM64
		{A170BBA7-208A-4417-AF4B-64E7FF12964A}.Debug|ARM64.Build.0 = Debug|ARM64
		{A170BBA7-208A-4417-AF4B-64E7FF12964A}.Debug|x64.ActiveCfg = Debug|x64
		{A170BBA7-208A-4417-AF4B-64E7FF12964A}.Debug|x64.Build.0 = Debug|x64
		{A170BBA7-208A-4417-AF4B-64E7FF12964A}.Debug|x86.ActiveCfg = Debug|x86
		{A170BBA7-208A-4417-AF4B-64E7FF12964A}.Debug|x86.Build.0 = Debug|x86
		{A170BBA7-208A-4417-AF4B-64E7FF12964A}.Release|ARM.ActiveCfg = Release|ARM
		{A170BBA7-208A-4417-AF4B-64E7FF12964A}.Release|ARM.Build.0 = Release|ARM
		{A170BBA7-208A-4417-AF4B-64E7FF12964A}.Release|ARM64.ActiveCfg = Release|ARM64
		{A170BBA7-208A-4417-AF4B-64E7FF12964A}.Release|ARM64.Build.0 = Release|ARM64
		{A170BBA7-208A-4417-AF4B-64E7FF12964A}.Release|x64.ActiveCfg = Release|x64
		{A170BBA7-208A-4417-AF4B-64E7FF12964A}.Release|x64.Build.0 = Release|x64
		{A170BBA7-208A-4417-AF4B-64E7FF12964A}.Release|x86.ActiveCfg = Release|x86
		{A170BBA7-208A-4417-AF4B-64E7FF12964A}.Release|x86.Build.0 = Release|x86
		{8CAEBF5C-2101-40E3-A94C-3DB69187E28A}.Debug|ARM.ActiveCfg = Debug|ARM
		{8CAEBF5C-2101-40E3-A94C-3DB69187E28A}.Debug|ARM.Build.0 = Debug|ARM
		{8CAEBF5C-2101-40E3-A94C-3DB69187E28A}.Debug|ARM64.ActiveCfg = Debug|ARM64
		{8CAEBF5C-2101-40E3-A94C-3DB69187E28A}.Debug|ARM64.Build.0 = Debug|ARM64
		{8CAEBF5C-2101-40E3-A94C-3DB69187E28A}.Debug|x64.ActiveCfg = Debug|x64
		{8CAEBF5C-2101-40E3-A94C-3DB69187E28A}.Debug|x64.Build.0 = Debug|x64
		{8CAEBF5C-2101-40E3-A94C-3DB69187E28A}.Debug|x86.ActiveCfg = Debug|x86
		{8CAEBF5C-2101-40E3-A94C-3DB69187E28A}.Debug|x86.Build.0 = Debug|x86
		{8CAEBF5C-2101-40E3-A94C-3DB69187E28A}.Release|ARM.ActiveCfg = Release|ARM
		{8CAEBF5C-2101-40E3-A94C-3DB69187E28A}.Release|ARM.Build.0 = Release|ARM
		{8CAEBF5C-2101-40E3-A94C-3DB69187E28A}.Release|ARM64.ActiveCfg = Release|ARM64
		{8CAEBF5C-2101-40E3-A94C-3DB69187E28A}.Release|ARM64.Build.0 = Release|ARM64
		{8CAEBF5C-2101-40E3-A94C-3DB69187E28A}.Release|x64.ActiveCfg = Release|x64
		{8CAEBF5C-2101-40E3-A94C-3DB69187E28A}.Release|x64.Build.0 = Release|x64
		{8CAEBF5C-2101-40E3-A94C-3DB69187E28A}.Release|x86.ActiveCfg = Release|x86
		{8CAEBF5C-2101-40E3-A94C-3DB69187E28A}.Release|x86.Build.0 = Release|x86
		{D2DC385D-4B78-489A-8324-41C9AA6DBF0A}.Debug|ARM.ActiveCfg = Debug|ARM
		{D2DC385D-4B78-489A-8324-41C9AA6DBF0A}.Debug|ARM.Build.0 = Debug|ARM
		{D2DC385D-4B78-489A-8324-41C9AA6DBF0A}.Debug|ARM64.ActiveCfg = Debug|ARM64
		{D2DC385D-4B78-489A-8324-41C9AA6DBF0A}.Debug|ARM64.Build.0 = Debug|ARM64
		{D2DC385D-4B78-489A-8324-41C9AA6DBF0A}.Debug|x64.ActiveCfg = Debug|x64
		{D2DC385D-4B78-489A-8324-41C9AA6DBF0A}.Debug|x64.Build.0 = Debug|x64
		{D2DC385D-4B78-489A-8324-41C9AA6DBF0A}.Debug|x86.ActiveCfg = Debug|x86
		{D2DC385D-4B78-489A-8324-41C9AA6DBF0A}.Debug|x86.Build.0 = Debug|x86
		{D2DC385D-4B78-489A-8324-41C9AA6DBF0A}.Release|ARM.ActiveCfg = Release|ARM
		{D2DC385D-4B78-489A-8324-41C9AA6DBF0A}.Release|ARM.Build.0 = Release|ARM
		{D2DC385D-4B78-489A-8324-41C9AA6DBF0A}.Release|ARM64.ActiveCfg = Release|ARM64
		{D2DC385D-4B78-489A-8324-41C9AA6DBF0A}.Release|ARM64.Build.0 = Release|ARM64
		{D2DC385D-4B78-489A-8324-41C9AA6DBF0A}.Release|x64.ActiveCfg = Release|x64
		{D2DC385D-4B78-489A-8324-41C9AA6DBF0A}.Release|x64.Build.0 = Release|x64
		{D2DC385D-4B78-489A-8324-41C9AA6DBF0A}.Release|x86.ActiveCfg = Release|x86
		{D2DC385D-4B78-489A-8324-41C9AA6DBF0A}.Release|x86.Build.0 = Release|x86
		{79B94A2F-63BF-42CD-A953-C5D1429CB0FE}.Debug|ARM.ActiveCfg = Debug|ARM
		{79B94A2F-63BF-42CD-A953-C5D1429CB0FE}.Debug|ARM.Build.0 = Debug|ARM
		{79B94A2F-63BF-42CD-A953-C5D1429CB0FE}.Debug|ARM64.ActiveCfg = Debug|ARM64
		{79B94A2F-63BF-42CD-A953-C5D1429CB0FE}.Debug|ARM64.Build.0 = Debug|ARM64
		{79B94A2F-63BF-42CD-A953-C5D1429CB0FE}.Debug|x64.ActiveCfg = Debug|x64
		{79B94A2F-63BF-42CD-A953-C5D1429CB0FE}.Debug|x64.Build.0 = Debug|x64
		{79B94A2F-63BF-42CD-A953-C5D1429CB0FE}.Debug|x86.ActiveCfg = Debug|x86
		{79B94A2F-63BF-42CD-A953-C5D1429CB0FE}.Debug|x86.Build.0 = Debug|x86
		{79B94A2F-63BF-42CD-A953-C5D1429CB0FE}.Release|ARM.ActiveCfg = Release|ARM
		{79B94A2F-63BF-42CD-A953-C5D1429CB0FE}.Release|ARM.Build.0 = Release|ARM
		{79B94A2F-63BF-42CD-A953-C5D1429CB0FE}.Release|ARM64.ActiveCfg = Release|ARM64
		{79B94A2F-63BF-42CD-A953-C5D1429CB0FE}.Release|ARM64.Build.0 = Release|ARM64
		{79B94A2F-63BF-42CD-A953-C5D1429CB0FE}.Release|x64.ActiveCfg = Release|x64
		{79B94A2F-63BF-42CD-A953-C5D1429CB0FE}.Release|x64.Build.0 = Release|x64
		{79B94A2F-63BF-42CD-A953-C5D1429CB0FE}.Release|x86.ActiveCfg = Release|x86
		{79B94A2F-63BF-42CD-A953-C5D1429CB0FE}.Release|x86.Build.0 = Release|x86
		{E4AB2911-EEEF-499B-ABD5-E5F4FC87DF5D}.Debug|ARM.ActiveCfg = Debug|ARM
		{E4AB2911-EEEF-499B-ABD5-E5F4FC87DF5D}.Debug|ARM.Build.0 = Debug|ARM
		{E4AB2911-EEEF-499B-ABD5-E5F4FC87DF5D}.Debug|ARM64.ActiveCfg = Debug|ARM64
		{E4AB2911-EEEF-499B-ABD5-E5F4FC87DF5D}.Debug|ARM64.Build.0 = Debug|ARM64
		{E4AB2911-EEEF-499B-ABD5-E5F4FC87DF5D}.Debug|x64.ActiveCfg = Debug|x64
		{E4AB2911-EEEF-499B-ABD5-E5F4FC87DF5D}.Debug|x64.Build.0 = Debug|x64
		{E4AB2911-EEEF-499B-ABD5-E5F4FC87DF5D}.Debug|x86.ActiveCfg = Debug|x86
		{E4AB2911-EEEF-499B-ABD5-E5F4FC87DF5D}.Debug|x86.Build.0 = Debug|x86
		{E4AB2911-EEEF-499B-ABD5-E5F4FC87DF5D}.Release|ARM.ActiveCfg = Release|ARM
		{E4AB2911-EEEF-499B-ABD5-E5F4FC87DF5D}.Release|ARM.Build.0 = Release|ARM
		{E4AB2911-EEEF-499B-ABD5-E5F4FC87DF5D}.Release|ARM64.ActiveCfg = Release|ARM64
		{E4AB2911-EEEF-499B-ABD5-E5F4FC87DF5D}.Release|ARM64.Build.0 = Release|ARM64
		{E4AB2911-EEEF-499B-ABD5-E5F4FC87DF5D}.Release|x64.ActiveCfg = Release|x64
		{E4AB2911-EEEF-499B-ABD5-E5F4FC87DF5D}.Release|x64.Build.0 = Release|x64
		{E4AB2911-EEEF-499B-ABD5-E5F4FC87DF5D}.Release|x86.ActiveCfg = Release|x86
		{E4AB2911-EEEF-499B-ABD5-E5F4FC87DF5D}.Release|x86.Build.0 = Release|x86
		{86C599A3-A56E-41C5-8839-9E24AFB6093A}.Debug|ARM.ActiveCfg = Debug|ARM
		{86C599A3-A56E-41C5-8839-9E24AFB6093A}.Debug|ARM.Build.0 = Debug|ARM
		{86C599A3-A56E-41C5-8839-9E24AFB6093A}.Debug|ARM64.ActiveCfg = Debug|ARM64
		{86C599A3-A56E-41C5-8839-9E24AFB6093A}.Debug|ARM64.Build.0 = Debug|ARM64
		{86C599A3-A56E-41C5-8839-9E24AFB6093A}.Debug|x64.ActiveCfg = Debug|x64
		{86C599A3-A56E-41C5-8839-9E24AFB6093A}.Debug|x64.Build.0 = Debug|x64
		{86C599A3-A56E-41C5-8839-9E24AFB6093A}.Debug|x86.ActiveCfg = Debug|x86
		{86C599A3-A56E-41C5-8839-9E24AFB6093A}.Debug|x86.Build.0 = Debug|x86
		{86C599A3-A56E-41C5-8839-9E24AFB6093A}.Release|ARM.ActiveCfg = Release|ARM
		{86C599A3-A56E-41C5-8839-9E24AFB6093A}.Release|ARM.Build.0 = Release|ARM
		{86C599A3-A56E-41C5-8839-9E24AFB6093A}.Release|ARM64.ActiveCfg = Release|ARM64
		{86C599A3-A56E-41C5-8839-9E24AFB6093A}.Release|ARM64.Build.0 = Release|ARM64
		{86C599A3-A56E-41C5-8839-9E24AFB6093A}.Release|x64.ActiveCfg = Release|x64
		{86C599A3-A56E-41C5-8839-9E24AFB6093A}.Release|x64.Build.0 = Release|x64
		{86C599A3-A56E-41C5-8839-9E24AFB6093A}.Release|x86.ActiveCfg = Release|x86
		{86C599A3-A56E-41C5-8839-9E24AFB6093A}.Release|x86.Build.0 = Release|x86
		{44D9EED9-3F54-49B7-B28F-C86D7A1B8A97}.Debug|ARM.ActiveCfg = Debug|ARM
		{44D9EED9-3F54-49B7-B28F-C86D7A1B8A97}.Debug|ARM.Build.0 = Debug|ARM
		{44D9EED9-3F54-49B7-B28F-C86D7A1B8A97}.Debug|ARM64.ActiveCfg = Debug|ARM64
		{44D9EED9-3F54-49B7-B28F-C86D7A1B8A97}.Debug|ARM64.Build.0 = Debug|ARM64
		{44D9EED9-3F54-49B7-B28F-C86D7A1B8A97}.Debug|x64.ActiveCfg = Debug|x64
		{44D9EED9-3F54-49B7-B28F-C86D7A1B8A97}.Debug|x64.Build.0 = Debug|x64
		{44D9EED9-3F54-49B7-B28F-C86D7A1B8A97}.Debug|x86.ActiveCfg = Debug|x86
		{44D9EED9-3F54-49B7-B28F-C86D7A1B8A97}.Debug|x86.Build.0 = Debug|x86
		{44D9EED9-3F54-49B7-B28F-C86D7A1B8A97}.Release|ARM.ActiveCfg = Release|ARM
		{44D9EED9-3F54-49B7-B28F-C86D7A1B8A97}.Release|ARM.Build.0 = Release|ARM
		{44D9EED9-3F54-49B7-B28F-C86D7A1B8A97}.Release|ARM64.ActiveCfg = Release|ARM64
		{44D9EED9-3F54-49B7-B28F-C86D7A1B8A97}.Release|ARM64.Build.0 = Release|ARM64
		{44D9EED9-3F54-49B7-B28F-C86D7A1B8A97}.Release|x64.ActiveCfg = Release|x64
		{44D9EED9-3F54-49B7-B28F-C86D7A1B8A97}.Release|x64.Build.0 = Release|x64
		{44D9EED9-3F54-49B7-B28F-C86D7A1B8A97}.Release|x86.ActiveCfg = Release|x86
		{44D9EED9-3F54-49B7-B28F-C86D7A1B8A97}.Release|x86.Build.0 = Release|x86
	EndGlobalSection
	GlobalSection(SolutionProperties) = preSolution
		HideSolutionNode = FALSE
	EndGlobalSection
	GlobalSection(ExtensibilityGlobals) = postSolution
		SolutionGuid = {A2DB9C6A-9B52-49D0-825C-1697B3371878}
	EndGlobalSection
EndGlobal
